
Microsoft Visual Studio Solution File, Format Version 12.00
# Visual Studio Version 17
VisualStudioVersion = 17.2.32616.157
MinimumVisualStudioVersion = 10.0.40219.1
Project("{9A19103F-16F7-4668-BE54-9A1E7A4F7556}") = "WebApplication2", "WebApplication2\WebApplication2.csproj", "{50AA90CD-25FC-4A41-B93E-B61D01B35BCE}"
EndProject
Project("{FAE04EC0-301F-11D3-BF4B-00C04F79EFBC}") = "Udemy_Test", "Udemy_Test\Udemy_Test.csproj", "{7D54F650-749A-4147-8F5A-E8BA930BB4B0}"
EndProject
Project("{FAE04EC0-301F-11D3-BF4B-00C04F79EFBC}") = "WebApplication1", "WebApplication1\WebApplication1.csproj", "{01425C7A-A67B-48C1-B345-63435C5EA164}"
EndProject
Project("{FAE04EC0-301F-11D3-BF4B-00C04F79EFBC}") = "WebApplication3", "WebApplication3\WebApplication3.csproj", "{C842B7CA-497B-495B-ABDA-36F1F743BA0A}"
EndProject
Project("{FAE04EC0-301F-11D3-BF4B-00C04F79EFBC}") = "WebApplication5", "WebApplication5\WebApplication5.csproj", "{A1C6A457-9FA3-42D2-BCDB-188D87C0E8F6}"
EndProject
Project("{FAE04EC0-301F-11D3-BF4B-00C04F79EFBC}") = "WebApplication6", "WebApplication6\WebApplication6.csproj", "{8ECDC342-24B7-4ED5-935C-C45D9706D4D0}"
EndProject
Global
	GlobalSection(SolutionConfigurationPlatforms) = preSolution
		Debug|Any CPU = Debug|Any CPU
		Release|Any CPU = Release|Any CPU
	EndGlobalSection
	GlobalSection(ProjectConfigurationPlatforms) = postSolution
		{50AA90CD-25FC-4A41-B93E-B61D01B35BCE}.Debug|Any CPU.ActiveCfg = Debug|Any CPU
		{50AA90CD-25FC-4A41-B93E-B61D01B35BCE}.Debug|Any CPU.Build.0 = Debug|Any CPU
		{50AA90CD-25FC-4A41-B93E-B61D01B35BCE}.Release|Any CPU.ActiveCfg = Release|Any CPU
		{50AA90CD-25FC-4A41-B93E-B61D01B35BCE}.Release|Any CPU.Build.0 = Release|Any CPU
		{7D54F650-749A-4147-8F5A-E8BA930BB4B0}.Debug|Any CPU.ActiveCfg = Debug|Any CPU
		{7D54F650-749A-4147-8F5A-E8BA930BB4B0}.Debug|Any CPU.Build.0 = Debug|Any CPU
		{7D54F650-749A-4147-8F5A-E8BA930BB4B0}.Release|Any CPU.ActiveCfg = Release|Any CPU
		{7D54F650-749A-4147-8F5A-E8BA930BB4B0}.Release|Any CPU.Build.0 = Release|Any CPU
		{01425C7A-A67B-48C1-B345-63435C5EA164}.Debug|Any CPU.ActiveCfg = Debug|Any CPU
		{01425C7A-A67B-48C1-B345-63435C5EA164}.Debug|Any CPU.Build.0 = Debug|Any CPU
		{01425C7A-A67B-48C1-B345-63435C5EA164}.Release|Any CPU.ActiveCfg = Release|Any CPU
		{01425C7A-A67B-48C1-B345-63435C5EA164}.Release|Any CPU.Build.0 = Release|Any CPU
		{C842B7CA-497B-495B-ABDA-36F1F743BA0A}.Debug|Any CPU.ActiveCfg = Debug|Any CPU
		{C842B7CA-497B-495B-ABDA-36F1F743BA0A}.Debug|Any CPU.Build.0 = Debug|Any CPU
		{C842B7CA-497B-495B-ABDA-36F1F743BA0A}.Release|Any CPU.ActiveCfg = Release|Any CPU
		{C842B7CA-497B-495B-ABDA-36F1F743BA0A}.Release|Any CPU.Build.0 = Release|Any CPU
		{A1C6A457-9FA3-42D2-BCDB-188D87C0E8F6}.Debug|Any CPU.ActiveCfg = Debug|Any CPU
		{A1C6A457-9FA3-42D2-BCDB-188D87C0E8F6}.Debug|Any CPU.Build.0 = Debug|Any CPU
		{A1C6A457-9FA3-42D2-BCDB-188D87C0E8F6}.Release|Any CPU.ActiveCfg = Release|Any CPU
		{A1C6A457-9FA3-42D2-BCDB-188D87C0E8F6}.Release|Any CPU.Build.0 = Release|Any CPU
		{8ECDC342-24B7-4ED5-935C-C45D9706D4D0}.Debug|Any CPU.ActiveCfg = Debug|Any CPU
		{8ECDC342-24B7-4ED5-935C-C45D9706D4D0}.Debug|Any CPU.Build.0 = Debug|Any CPU
		{8ECDC342-24B7-4ED5-935C-C45D9706D4D0}.Release|Any CPU.ActiveCfg = Release|Any CPU
		{8ECDC342-24B7-4ED5-935C-C45D9706D4D0}.Release|Any CPU.Build.0 = Release|Any CPU
	EndGlobalSection
	GlobalSection(SolutionProperties) = preSolution
		HideSolutionNode = FALSE
	EndGlobalSection
	GlobalSection(ExtensibilityGlobals) = postSolution
		SolutionGuid = {9541A8FA-27D4-41F6-9A17-358BEC0D5B7D}
	EndGlobalSection
EndGlobal
